
Microsoft Visual Studio Solution File, Format Version 12.00
# Visual Studio 14
VisualStudioVersion = 14.0.23107.0
MinimumVisualStudioVersion = 10.0.40219.1
Project("{FAE04EC0-301F-11D3-BF4B-00C04F79EFBC}") = "DistributedSchedulingExperiments", "DistributedSchedulingExperiments\DistributedSchedulingExperiments.csproj", "{E32FB137-A9E4-4ECD-9CD2-0E90C82D7900}"
EndProject
Global
	GlobalSection(SolutionConfigurationPlatforms) = preSolution
		Debug|Any CPU = Debug|Any CPU
		Release|Any CPU = Release|Any CPU
	EndGlobalSection
	GlobalSection(ProjectConfigurationPlatforms) = postSolution
		{E32FB137-A9E4-4ECD-9CD2-0E90C82D7900}.Debug|Any CPU.ActiveCfg = Debug|Any CPU
		{E32FB137-A9E4-4ECD-9CD2-0E90C82D7900}.Debug|Any CPU.Build.0 = Debug|Any CPU
		{E32FB137-A9E4-4ECD-9CD2-0E90C82D7900}.Release|Any CPU.ActiveCfg = Release|Any CPU
		{E32FB137-A9E4-4ECD-9CD2-0E90C82D7900}.Release|Any CPU.Build.0 = Release|Any CPU
	EndGlobalSection
	GlobalSection(SolutionProperties) = preSolution
		HideSolutionNode = FALSE
	EndGlobalSection
EndGlobal
